
Microsoft Visual Studio Solution File, Format Version 12.00
# Visual Studio 15
VisualStudioVersion = 15.0.26124.0
MinimumVisualStudioVersion = 15.0.26124.0
Project("{2150E333-8FDC-42A3-9474-1A3956D46DE8}") = "src", "src", "{844D54CF-E8D7-4464-B09C-A2F00C8F87BF}"
EndProject
Project("{FAE04EC0-301F-11D3-BF4B-00C04F79EFBC}") = "AzureAPI", "src\AzureAPI\AzureAPI.csproj", "{4E94C5FF-13CF-4598-B753-158A13C93F64}"
EndProject
Project("{2150E333-8FDC-42A3-9474-1A3956D46DE8}") = "test", "test", "{80220536-6C43-4A8A-88C7-DEE26B8D2B13}"
EndProject
Project("{FAE04EC0-301F-11D3-BF4B-00C04F79EFBC}") = "AzureAPI.Test", "test\AzureAPI.Test\AzureAPI.Test.csproj", "{F623829C-89CB-423A-BE31-E17F468CEA6A}"
EndProject
Global
	GlobalSection(SolutionConfigurationPlatforms) = preSolution
		Debug|Any CPU = Debug|Any CPU
		Debug|x64 = Debug|x64
		Debug|x86 = Debug|x86
		Release|Any CPU = Release|Any CPU
		Release|x64 = Release|x64
		Release|x86 = Release|x86
	EndGlobalSection
	GlobalSection(SolutionProperties) = preSolution
		HideSolutionNode = FALSE
	EndGlobalSection
	GlobalSection(ProjectConfigurationPlatforms) = postSolution
		{4E94C5FF-13CF-4598-B753-158A13C93F64}.Debug|Any CPU.ActiveCfg = Debug|Any CPU
		{4E94C5FF-13CF-4598-B753-158A13C93F64}.Debug|Any CPU.Build.0 = Debug|Any CPU
		{4E94C5FF-13CF-4598-B753-158A13C93F64}.Debug|x64.ActiveCfg = Debug|Any CPU
		{4E94C5FF-13CF-4598-B753-158A13C93F64}.Debug|x64.Build.0 = Debug|Any CPU
		{4E94C5FF-13CF-4598-B753-158A13C93F64}.Debug|x86.ActiveCfg = Debug|Any CPU
		{4E94C5FF-13CF-4598-B753-158A13C93F64}.Debug|x86.Build.0 = Debug|Any CPU
		{4E94C5FF-13CF-4598-B753-158A13C93F64}.Release|Any CPU.ActiveCfg = Release|Any CPU
		{4E94C5FF-13CF-4598-B753-158A13C93F64}.Release|Any CPU.Build.0 = Release|Any CPU
		{4E94C5FF-13CF-4598-B753-158A13C93F64}.Release|x64.ActiveCfg = Release|Any CPU
		{4E94C5FF-13CF-4598-B753-158A13C93F64}.Release|x64.Build.0 = Release|Any CPU
		{4E94C5FF-13CF-4598-B753-158A13C93F64}.Release|x86.ActiveCfg = Release|Any CPU
		{4E94C5FF-13CF-4598-B753-158A13C93F64}.Release|x86.Build.0 = Release|Any CPU
		{F623829C-89CB-423A-BE31-E17F468CEA6A}.Debug|Any CPU.ActiveCfg = Debug|Any CPU
		{F623829C-89CB-423A-BE31-E17F468CEA6A}.Debug|Any CPU.Build.0 = Debug|Any CPU
		{F623829C-89CB-423A-BE31-E17F468CEA6A}.Debug|x64.ActiveCfg = Debug|Any CPU
		{F623829C-89CB-423A-BE31-E17F468CEA6A}.Debug|x64.Build.0 = Debug|Any CPU
		{F623829C-89CB-423A-BE31-E17F468CEA6A}.Debug|x86.ActiveCfg = Debug|Any CPU
		{F623829C-89CB-423A-BE31-E17F468CEA6A}.Debug|x86.Build.0 = Debug|Any CPU
		{F623829C-89CB-423A-BE31-E17F468CEA6A}.Release|Any CPU.ActiveCfg = Release|Any CPU
		{F623829C-89CB-423A-BE31-E17F468CEA6A}.Release|Any CPU.Build.0 = Release|Any CPU
		{F623829C-89CB-423A-BE31-E17F468CEA6A}.Release|x64.ActiveCfg = Release|Any CPU
		{F623829C-89CB-423A-BE31-E17F468CEA6A}.Release|x64.Build.0 = Release|Any CPU
		{F623829C-89CB-423A-BE31-E17F468CEA6A}.Release|x86.ActiveCfg = Release|Any CPU
		{F623829C-89CB-423A-BE31-E17F468CEA6A}.Release|x86.Build.0 = Release|Any CPU
	EndGlobalSection
	GlobalSection(NestedProjects) = preSolution
		{4E94C5FF-13CF-4598-B753-158A13C93F64} = {844D54CF-E8D7-4464-B09C-A2F00C8F87BF}
		{F623829C-89CB-423A-BE31-E17F468CEA6A} = {80220536-6C43-4A8A-88C7-DEE26B8D2B13}
	EndGlobalSection
EndGlobal
